// !$*UTF8*$!
{
	archiveVersion = 1;
	classes = {
	};
	objectVersion = 46;
	objects = {

/* Begin PBXBuildFile section */
		25EB10DE1F3C90E700757DA4 /* main.m in Sources */ = {isa = PBXBuildFile; fileRef = 25EB10DD1F3C90E700757DA4 /* main.m */; };
		25EB10E11F3C90E700757DA4 /* AppDelegate.m in Sources */ = {isa = PBXBuildFile; fileRef = 25EB10E01F3C90E700757DA4 /* AppDelegate.m */; };
		25EB10E41F3C90E800757DA4 /* PSCitiesViewController.m in Sources */ = {isa = PBXBuildFile; fileRef = 25EB10E31F3C90E800757DA4 /* PSCitiesViewController.m */; };
		25EB10E71F3C90E800757DA4 /* PSMapViewController.m in Sources */ = {isa = PBXBuildFile; fileRef = 25EB10E61F3C90E800757DA4 /* PSMapViewController.m */; };
		25EB10EA1F3C90E800757DA4 /* Main.storyboard in Resources */ = {isa = PBXBuildFile; fileRef = 25EB10E81F3C90E800757DA4 /* Main.storyboard */; };
		25EB10EC1F3C90E800757DA4 /* Assets.xcassets in Resources */ = {isa = PBXBuildFile; fileRef = 25EB10EB1F3C90E800757DA4 /* Assets.xcassets */; };
		25EB10EF1F3C90E800757DA4 /* LaunchScreen.storyboard in Resources */ = {isa = PBXBuildFile; fileRef = 25EB10ED1F3C90E800757DA4 /* LaunchScreen.storyboard */; };
		25EB10FB1F3C930C00757DA4 /* PSCity.m in Sources */ = {isa = PBXBuildFile; fileRef = 25EB10FA1F3C930C00757DA4 /* PSCity.m */; };
		25EB10FE1F3C938D00757DA4 /* MapKit.framework in Frameworks */ = {isa = PBXBuildFile; fileRef = 25EB10FD1F3C938D00757DA4 /* MapKit.framework */; };
		25EB11011F3C989300757DA4 /* PSCitiesDataInterface.m in Sources */ = {isa = PBXBuildFile; fileRef = 25EB11001F3C989300757DA4 /* PSCitiesDataInterface.m */; };
		25EB11031F3C9A2500757DA4 /* cities.json in Resources */ = {isa = PBXBuildFile; fileRef = 25EB11021F3C9A2500757DA4 /* cities.json */; };
/* End PBXBuildFile section */

/* Begin PBXFileReference section */
		25EB10D91F3C90E700757DA4 /* Performant Search.app */ = {isa = PBXFileReference; explicitFileType = wrapper.application; includeInIndex = 0; path = "Performant Search.app"; sourceTree = BUILT_PRODUCTS_DIR; };
		25EB10DD1F3C90E700757DA4 /* main.m */ = {isa = PBXFileReference; lastKnownFileType = sourcecode.c.objc; path = main.m; sourceTree = "<group>"; };
		25EB10DF1F3C90E700757DA4 /* AppDelegate.h */ = {isa = PBXFileReference; lastKnownFileType = sourcecode.c.h; path = AppDelegate.h; sourceTree = "<group>"; };
		25EB10E01F3C90E700757DA4 /* AppDelegate.m */ = {isa = PBXFileReference; lastKnownFileType = sourcecode.c.objc; path = AppDelegate.m; sourceTree = "<group>"; };
		25EB10E21F3C90E700757DA4 /* PSCitiesViewController.h */ = {isa = PBXFileReference; lastKnownFileType = sourcecode.c.h; path = PSCitiesViewController.h; sourceTree = "<group>"; };
		25EB10E31F3C90E800757DA4 /* PSCitiesViewController.m */ = {isa = PBXFileReference; lastKnownFileType = sourcecode.c.objc; path = PSCitiesViewController.m; sourceTree = "<group>"; };
		25EB10E51F3C90E800757DA4 /* PSMapViewController.h */ = {isa = PBXFileReference; lastKnownFileType = sourcecode.c.h; path = PSMapViewController.h; sourceTree = "<group>"; };
		25EB10E61F3C90E800757DA4 /* PSMapViewController.m */ = {isa = PBXFileReference; lastKnownFileType = sourcecode.c.objc; path = PSMapViewController.m; sourceTree = "<group>"; };
		25EB10E91F3C90E800757DA4 /* Base */ = {isa = PBXFileReference; lastKnownFileType = file.storyboard; name = Base; path = Base.lproj/Main.storyboard; sourceTree = "<group>"; };
		25EB10EB1F3C90E800757DA4 /* Assets.xcassets */ = {isa = PBXFileReference; lastKnownFileType = folder.assetcatalog; path = Assets.xcassets; sourceTree = "<group>"; };
		25EB10EE1F3C90E800757DA4 /* Base */ = {isa = PBXFileReference; lastKnownFileType = file.storyboard; name = Base; path = Base.lproj/LaunchScreen.storyboard; sourceTree = "<group>"; };
		25EB10F01F3C90E800757DA4 /* Info.plist */ = {isa = PBXFileReference; lastKnownFileType = text.plist.xml; path = Info.plist; sourceTree = "<group>"; };
		25EB10F91F3C930C00757DA4 /* PSCity.h */ = {isa = PBXFileReference; fileEncoding = 4; lastKnownFileType = sourcecode.c.h; path = PSCity.h; sourceTree = "<group>"; };
		25EB10FA1F3C930C00757DA4 /* PSCity.m */ = {isa = PBXFileReference; fileEncoding = 4; lastKnownFileType = sourcecode.c.objc; path = PSCity.m; sourceTree = "<group>"; };
		25EB10FD1F3C938D00757DA4 /* MapKit.framework */ = {isa = PBXFileReference; lastKnownFileType = wrapper.framework; name = MapKit.framework; path = System/Library/Frameworks/MapKit.framework; sourceTree = SDKROOT; };
		25EB10FF1F3C989300757DA4 /* PSCitiesDataInterface.h */ = {isa = PBXFileReference; fileEncoding = 4; lastKnownFileType = sourcecode.c.h; path = PSCitiesDataInterface.h; sourceTree = "<group>"; };
		25EB11001F3C989300757DA4 /* PSCitiesDataInterface.m */ = {isa = PBXFileReference; fileEncoding = 4; lastKnownFileType = sourcecode.c.objc; path = PSCitiesDataInterface.m; sourceTree = "<group>"; };
		25EB11021F3C9A2500757DA4 /* cities.json */ = {isa = PBXFileReference; fileEncoding = 4; lastKnownFileType = text.json; path = cities.json; sourceTree = "<group>"; };
/* End PBXFileReference section */

/* Begin PBXFrameworksBuildPhase section */
		25EB10D61F3C90E700757DA4 /* Frameworks */ = {
			isa = PBXFrameworksBuildPhase;
			buildActionMask = 2147483647;
			files = (
				25EB10FE1F3C938D00757DA4 /* MapKit.framework in Frameworks */,
			);
			runOnlyForDeploymentPostprocessing = 0;
		};
/* End PBXFrameworksBuildPhase section */

/* Begin PBXGroup section */
		25EB10D01F3C90E700757DA4 = {
			isa = PBXGroup;
			children = (
				25EB10DB1F3C90E700757DA4 /* Performant Search */,
				25EB10DA1F3C90E700757DA4 /* Products */,
				25EB10FC1F3C938D00757DA4 /* Frameworks */,
			);
			sourceTree = "<group>";
		};
		25EB10DA1F3C90E700757DA4 /* Products */ = {
			isa = PBXGroup;
			children = (
				25EB10D91F3C90E700757DA4 /* Performant Search.app */,
			);
			name = Products;
			sourceTree = "<group>";
		};
		25EB10DB1F3C90E700757DA4 /* Performant Search */ = {
			isa = PBXGroup;
			children = (
				25EB10DF1F3C90E700757DA4 /* AppDelegate.h */,
				25EB10E01F3C90E700757DA4 /* AppDelegate.m */,
				25EB11041F3CD7F000757DA4 /* City */,
				25EB11051F3CD7FB00757DA4 /* Map */,
				25EB10E81F3C90E800757DA4 /* Main.storyboard */,
				25EB10EB1F3C90E800757DA4 /* Assets.xcassets */,
				25EB10ED1F3C90E800757DA4 /* LaunchScreen.storyboard */,
				25EB10F01F3C90E800757DA4 /* Info.plist */,
				25EB10DC1F3C90E700757DA4 /* Supporting Files */,
			);
			path = "Performant Search";
			sourceTree = "<group>";
		};
		25EB10DC1F3C90E700757DA4 /* Supporting Files */ = {
			isa = PBXGroup;
			children = (
				25EB11021F3C9A2500757DA4 /* cities.json */,
				25EB10DD1F3C90E700757DA4 /* main.m */,
			);
			name = "Supporting Files";
			sourceTree = "<group>";
		};
		25EB10FC1F3C938D00757DA4 /* Frameworks */ = {
			isa = PBXGroup;
			children = (
				25EB10FD1F3C938D00757DA4 /* MapKit.framework */,
			);
			name = Frameworks;
			sourceTree = "<group>";
		};
		25EB11041F3CD7F000757DA4 /* City */ = {
			isa = PBXGroup;
			children = (
				25EB11061F3CD82600757DA4 /* Models */,
				25EB11071F3CD82D00757DA4 /* Data Interfaces */,
				25EB11081F3CD83900757DA4 /* ViewControllers */,
			);
			name = City;
			sourceTree = "<group>";
		};
		25EB11051F3CD7FB00757DA4 /* Map */ = {
			isa = PBXGroup;
			children = (
				25EB11091F3CD92F00757DA4 /* ViewControllers */,
			);
			name = Map;
			sourceTree = "<group>";
		};
		25EB11061F3CD82600757DA4 /* Models */ = {
			isa = PBXGroup;
			children = (
				25EB10F91F3C930C00757DA4 /* PSCity.h */,
				25EB10FA1F3C930C00757DA4 /* PSCity.m */,
			);
			name = Models;
			sourceTree = "<group>";
		};
		25EB11071F3CD82D00757DA4 /* Data Interfaces */ = {
			isa = PBXGroup;
			children = (
				25EB10FF1F3C989300757DA4 /* PSCitiesDataInterface.h */,
				25EB11001F3C989300757DA4 /* PSCitiesDataInterface.m */,
			);
			name = "Data Interfaces";
			sourceTree = "<group>";
		};
		25EB11081F3CD83900757DA4 /* ViewControllers */ = {
			isa = PBXGroup;
			children = (
				25EB10E21F3C90E700757DA4 /* PSCitiesViewController.h */,
				25EB10E31F3C90E800757DA4 /* PSCitiesViewController.m */,
			);
			name = ViewControllers;
			sourceTree = "<group>";
		};
		25EB11091F3CD92F00757DA4 /* ViewControllers */ = {
			isa = PBXGroup;
			children = (
				25EB10E51F3C90E800757DA4 /* PSMapViewController.h */,
				25EB10E61F3C90E800757DA4 /* PSMapViewController.m */,
			);
			name = ViewControllers;
			sourceTree = "<group>";
		};
/* End PBXGroup section */

/* Begin PBXNativeTarget section */
		25EB10D81F3C90E700757DA4 /* Performant Search */ = {
			isa = PBXNativeTarget;
			buildConfigurationList = 25EB10F31F3C90E800757DA4 /* Build configuration list for PBXNativeTarget "Performant Search" */;
			buildPhases = (
				25EB10D51F3C90E700757DA4 /* Sources */,
				25EB10D61F3C90E700757DA4 /* Frameworks */,
				25EB10D71F3C90E700757DA4 /* Resources */,
			);
			buildRules = (
			);
			dependencies = (
			);
			name = "Performant Search";
			productName = "Performant Search";
			productReference = 25EB10D91F3C90E700757DA4 /* Performant Search.app */;
			productType = "com.apple.product-type.application";
		};
/* End PBXNativeTarget section */

/* Begin PBXProject section */
		25EB10D11F3C90E700757DA4 /* Project object */ = {
			isa = PBXProject;
			attributes = {
				LastUpgradeCheck = 0830;
				ORGANIZATIONNAME = Zedomo;
				TargetAttributes = {
					25EB10D81F3C90E700757DA4 = {
						CreatedOnToolsVersion = 8.3.3;
						DevelopmentTeam = 4YNKDFHEBU;
						ProvisioningStyle = Automatic;
					};
				};
			};
			buildConfigurationList = 25EB10D41F3C90E700757DA4 /* Build configuration list for PBXProject "Performant Search" */;
			compatibilityVersion = "Xcode 3.2";
			developmentRegion = English;
			hasScannedForEncodings = 0;
			knownRegions = (
				en,
				Base,
			);
			mainGroup = 25EB10D01F3C90E700757DA4;
			productRefGroup = 25EB10DA1F3C90E700757DA4 /* Products */;
			projectDirPath = "";
			projectRoot = "";
			targets = (
				25EB10D81F3C90E700757DA4 /* Performant Search */,
			);
		};
/* End PBXProject section */

/* Begin PBXResourcesBuildPhase section */
		25EB10D71F3C90E700757DA4 /* Resources */ = {
			isa = PBXResourcesBuildPhase;
			buildActionMask = 2147483647;
			files = (
				25EB11031F3C9A2500757DA4 /* cities.json in Resources */,
				25EB10EF1F3C90E800757DA4 /* LaunchScreen.storyboard in Resources */,
				25EB10EC1F3C90E800757DA4 /* Assets.xcassets in Resources */,
				25EB10EA1F3C90E800757DA4 /* Main.storyboard in Resources */,
			);
			runOnlyForDeploymentPostprocessing = 0;
		};
/* End PBXResourcesBuildPhase section */

/* Begin PBXSourcesBuildPhase section */
		25EB10D51F3C90E700757DA4 /* Sources */ = {
			isa = PBXSourcesBuildPhase;
			buildActionMask = 2147483647;
			files = (
				25EB10FB1F3C930C00757DA4 /* PSCity.m in Sources */,
				25EB10E11F3C90E700757DA4 /* AppDelegate.m in Sources */,
				25EB10E41F3C90E800757DA4 /* PSCitiesViewController.m in Sources */,
				25EB11011F3C989300757DA4 /* PSCitiesDataInterface.m in Sources */,
				25EB10DE1F3C90E700757DA4 /* main.m in Sources */,
				25EB10E71F3C90E800757DA4 /* PSMapViewController.m in Sources */,
			);
			runOnlyForDeploymentPostprocessing = 0;
		};
/* End PBXSourcesBuildPhase section */

/* Begin PBXVariantGroup section */
		25EB10E81F3C90E800757DA4 /* Main.storyboard */ = {
			isa = PBXVariantGroup;
			children = (
				25EB10E91F3C90E800757DA4 /* Base */,
			);
			name = Main.storyboard;
			sourceTree = "<group>";
		};
		25EB10ED1F3C90E800757DA4 /* LaunchScreen.storyboard */ = {
			isa = PBXVariantGroup;
			children = (
				25EB10EE1F3C90E800757DA4 /* Base */,
			);
			name = LaunchScreen.storyboard;
			sourceTree = "<group>";
		};
/* End PBXVariantGroup section */

/* Begin XCBuildConfiguration section */
		25EB10F11F3C90E800757DA4 /* Debug */ = {
			isa = XCBuildConfiguration;
			buildSettings = {
				ALWAYS_SEARCH_USER_PATHS = NO;
				CLANG_ANALYZER_NONNULL = YES;
				CLANG_ANALYZER_NUMBER_OBJECT_CONVERSION = YES_AGGRESSIVE;
				CLANG_CXX_LANGUAGE_STANDARD = "gnu++0x";
				CLANG_CXX_LIBRARY = "libc++";
				CLANG_ENABLE_MODULES = YES;
				CLANG_ENABLE_OBJC_ARC = YES;
				CLANG_WARN_BOOL_CONVERSION = YES;
				CLANG_WARN_CONSTANT_CONVERSION = YES;
				CLANG_WARN_DIRECT_OBJC_ISA_USAGE = YES_ERROR;
				CLANG_WARN_DOCUMENTATION_COMMENTS = YES;
				CLANG_WARN_EMPTY_BODY = YES;
				CLANG_WARN_ENUM_CONVERSION = YES;
				CLANG_WARN_INFINITE_RECURSION = YES;
				CLANG_WARN_INT_CONVERSION = YES;
				CLANG_WARN_OBJC_ROOT_CLASS = YES_ERROR;
				CLANG_WARN_SUSPICIOUS_MOVE = YES;
				CLANG_WARN_UNREACHABLE_CODE = YES;
				CLANG_WARN__DUPLICATE_METHOD_MATCH = YES;
				"CODE_SIGN_IDENTITY[sdk=iphoneos*]" = "iPhone Developer";
				COPY_PHASE_STRIP = NO;
				DEBUG_INFORMATION_FORMAT = dwarf;
				ENABLE_STRICT_OBJC_MSGSEND = YES;
				ENABLE_TESTABILITY = YES;
				GCC_C_LANGUAGE_STANDARD = gnu99;
				GCC_DYNAMIC_NO_PIC = NO;
				GCC_NO_COMMON_BLOCKS = YES;
				GCC_OPTIMIZATION_LEVEL = 0;
				GCC_PREPROCESSOR_DEFINITIONS = (
					"DEBUG=1",
					"$(inherited)",
				);
				GCC_WARN_64_TO_32_BIT_CONVERSION = YES;
				GCC_WARN_ABOUT_RETURN_TYPE = YES_ERROR;
				GCC_WARN_UNDECLARED_SELECTOR = YES;
				GCC_WARN_UNINITIALIZED_AUTOS = YES_AGGRESSIVE;
				GCC_WARN_UNUSED_FUNCTION = YES;
				GCC_WARN_UNUSED_VARIABLE = YES;
				IPHONEOS_DEPLOYMENT_TARGET = 10.3;
				MTL_ENABLE_DEBUG_INFO = YES;
				ONLY_ACTIVE_ARCH = YES;
				SDKROOT = iphoneos;
				TARGETED_DEVICE_FAMILY = "1,2";
			};
			name = Debug;
		};
		25EB10F21F3C90E800757DA4 /* Release */ = {
			isa = XCBuildConfiguration;
			buildSettings = {
				ALWAYS_SEARCH_USER_PATHS = NO;
				CLANG_ANALYZER_NONNULL = YES;
				CLANG_ANALYZER_NUMBER_OBJECT_CONVERSION = YES_AGGRESSIVE;
				CLANG_CXX_LANGUAGE_STANDARD = "gnu++0x";
				CLANG_CXX_LIBRARY = "libc++";
				CLANG_ENABLE_MODULES = YES;
				CLANG_ENABLE_OBJC_ARC = YES;
				CLANG_WARN_BOOL_CONVERSION = YES;
				CLANG_WARN_CONSTANT_CONVERSION = YES;
				CLANG_WARN_DIRECT_OBJC_ISA_USAGE = YES_ERROR;
				CLANG_WARN_DOCUMENTATION_COMMENTS = YES;
				CLANG_WARN_EMPTY_BODY = YES;
				CLANG_WARN_ENUM_CONVERSION = YES;
				CLANG_WARN_INFINITE_RECURSION = YES;
				CLANG_WARN_INT_CONVERSION = YES;
				CLANG_WARN_OBJC_ROOT_CLASS = YES_ERROR;
				CLANG_WARN_SUSPICIOUS_MOVE = YES;
				CLANG_WARN_UNREACHABLE_CODE = YES;
				CLANG_WARN__DUPLICATE_METHOD_MATCH = YES;
				"CODE_SIGN_IDENTITY[sdk=iphoneos*]" = "iPhone Developer";
				COPY_PHASE_STRIP = NO;
				DEBUG_INFORMATION_FORMAT = "dwarf-with-dsym";
				ENABLE_NS_ASSERTIONS = NO;
				ENABLE_STRICT_OBJC_MSGSEND = YES;
				GCC_C_LANGUAGE_STANDARD = gnu99;
				GCC_NO_COMMON_BLOCKS = YES;
				GCC_WARN_64_TO_32_BIT_CONVERSION = YES;
				GCC_WARN_ABOUT_RETURN_TYPE = YES_ERROR;
				GCC_WARN_UNDECLARED_SELECTOR = YES;
				GCC_WARN_UNINITIALIZED_AUTOS = YES_AGGRESSIVE;
				GCC_WARN_UNUSED_FUNCTION = YES;
				GCC_WARN_UNUSED_VARIABLE = YES;
				IPHONEOS_DEPLOYMENT_TARGET = 10.3;
				MTL_ENABLE_DEBUG_INFO = NO;
				SDKROOT = iphoneos;
				TARGETED_DEVICE_FAMILY = "1,2";
				VALIDATE_PRODUCT = YES;
			};
			name = Release;
		};
		25EB10F41F3C90E800757DA4 /* Debug */ = {
			isa = XCBuildConfiguration;
			buildSettings = {
				ASSETCATALOG_COMPILER_APPICON_NAME = AppIcon;
				DEVELOPMENT_TEAM = 4YNKDFHEBU;
				INFOPLIST_FILE = "Performant Search/Info.plist";
				IPHONEOS_DEPLOYMENT_TARGET = 8.0;
				LD_RUNPATH_SEARCH_PATHS = "$(inherited) @executable_path/Frameworks";
				PRODUCT_BUNDLE_IDENTIFIER = "com.zedomo.Performant-Search";
				PRODUCT_NAME = "$(TARGET_NAME)";
			};
			name = Debug;
		};
		25EB10F51F3C90E800757DA4 /* Release */ = {
			isa = XCBuildConfiguration;
			buildSettings = {
				ASSETCATALOG_COMPILER_APPICON_NAME = AppIcon;
				DEVELOPMENT_TEAM = 4YNKDFHEBU;
				INFOPLIST_FILE = "Performant Search/Info.plist";
				IPHONEOS_DEPLOYMENT_TARGET = 8.0;
				LD_RUNPATH_SEARCH_PATHS = "$(inherited) @executable_path/Frameworks";
				PRODUCT_BUNDLE_IDENTIFIER = "com.zedomo.Performant-Search";
				PRODUCT_NAME = "$(TARGET_NAME)";
			};
			name = Release;
		};
/* End XCBuildConfiguration section */

/* Begin XCConfigurationList section */
		25EB10D41F3C90E700757DA4 /* Build configuration list for PBXProject "Performant Search" */ = {
			isa = XCConfigurationList;
			buildConfigurations = (
				25EB10F11F3C90E800757DA4 /* Debug */,
				25EB10F21F3C90E800757DA4 /* Release */,
			);
			defaultConfigurationIsVisible = 0;
			defaultConfigurationName = Release;
		};
		25EB10F31F3C90E800757DA4 /* Build configuration list for PBXNativeTarget "Performant Search" */ = {
			isa = XCConfigurationList;
			buildConfigurations = (
				25EB10F41F3C90E800757DA4 /* Debug */,
				25EB10F51F3C90E800757DA4 /* Release */,
			);
			defaultConfigurationIsVisible = 0;
			defaultConfigurationName = Release;
		};
/* End XCConfigurationList section */
	};
	rootObject = 25EB10D11F3C90E700757DA4 /* Project object */;
}
